lockfile_version: '1'
generated_at: '2026-08-17T20:31:24.199837+00:00'
dependencies: []
deployments:
- kind: project-relative
  target: agents
  value: .agents/skills/build-github-app
  runtime: null
  scope: project
  owners:
  - .
  active_owner: .
  content_hash: null
- kind: project-relative
  target: agents
  value: .agents/skills/build-github-app/SKILL.md
  runtime: null
  scope: project
  owners:
  - .
  active_owner: .
  content_hash: sha256:6a88de3df26bc8a7428df8ca8ce19ddf9944a2d323bb41415b989bf9233fec09
- kind: project-relative
  target: agents
  value: .agents/skills/build-github-app/agents/openai.yaml
  runtime: null
  scope: project
  owners:
  - .
  active_owner: .
  content_hash: sha256:0fe2e3d90aa725239607ebdb3fab618d164bf8c0103634fbe6003110ed815f4e
- kind: project-relative
  target: agents
  value: .agents/skills/build-github-app/references/artifacts-deployment.md
  runtime: null
  scope: project
  owners:
  - .
  active_owner: .
  content_hash: sha256:1edf0bfe94e494490726e74305f4e598fc4fe90c6eded7fc38e96d3b59ffa70b
- kind: project-relative
  target: agents
  value: .agents/skills/build-github-app/references/oauth-permissions.md
  runtime: null
  scope: project
  owners:
  - .
  active_owner: .
  content_hash: sha256:20a7f5775bd665ed553e27b6a8573fdcfa88983765ea2c7035149974ba41e7cf
- kind: project-relative
  target: agents
  value: .agents/skills/commit-provenance
  runtime: null
  scope: project
  owners:
  - .
  active_owner: .
  content_hash: null
- kind: project-relative
  target: agents
  value: .agents/skills/commit-provenance/SKILL.md
  runtime: null
  scope: project
  owners:
  - .
  active_owner: .
  content_hash: sha256:7044773fdfbf2bb4f970355e4e53f1ba9bca59cfffd14053c720bf739397772d
- kind: project-relative
  target: agents
  value: .agents/skills/commit-provenance/agents/openai.yaml
  runtime: null
  scope: project
  owners:
  - .
  active_owner: .
  content_hash: sha256:63c947f223861a26b8a475074bd6587dbd1d92ea315c08672caf1767ecdffb87
- kind: project-relative
  target: agents
  value: .agents/skills/commit-provenance/scripts/resolve.sh
  runtime: null
  scope: project
  owners:
  - .
  active_owner: .
  content_hash: sha256:7182c993ab1095b3f398acef7a94a89d862ea8d683dd32b1da25e6026493ddec
- kind: project-relative
  target: agents
  value: .agents/skills/develop-orinoco-lite
  runtime: null
  scope: project
  owners:
  - .
  active_owner: .
  content_hash: null
- kind: project-relative
  target: agents
  value: .agents/skills/develop-orinoco-lite/SKILL.md
  runtime: null
  scope: project
  owners:
  - .
  active_owner: .
  content_hash: sha256:9c5ccb9b8a0409740356cb828b917637bdc6be3fbe2d204246da90cdbb81dfa9
- kind: project-relative
  target: agents
  value: .agents/skills/develop-orinoco-lite/agents/openai.yaml
  runtime: null
  scope: project
  owners:
  - .
  active_owner: .
  content_hash: sha256:5aa3e7163c719c23cb8d88cf25b8e39d535e8da4fa6fbde60eb1953d0704bbab
- kind: project-relative
  target: agents
  value: .agents/skills/develop-orinoco-lite/references/adapter-static-curation.md
  runtime: null
  scope: project
  owners:
  - .
  active_owner: .
  content_hash: sha256:cbe00b0ece978ecc12dcf8156835abcced252d62c38c5a3e969dcc13f8cbe507
- kind: project-relative
  target: agents
  value: .agents/skills/develop-orinoco-lite/references/repository-boundaries.md
  runtime: null
  scope: project
  owners:
  - .
  active_owner: .
  content_hash: sha256:7fc3c121be9e89acc6fdaaa0ccffd3cc18dfb3423ef6bdb59def2cf78e71411e
- kind: project-relative
  target: agents
  value: .agents/skills/develop-orinoco-lite/references/version-and-authority.md
  runtime: null
  scope: project
  owners:
  - .
  active_owner: .
  content_hash: sha256:ae0cba5b68bf4458d85e31c525f267f2649090b358e6cbc5dcabe3ffc86d323e
- kind: project-relative
  target: agents
  value: .agents/skills/organize-project-docs
  runtime: null
  scope: project
  owners:
  - .
  active_owner: .
  content_hash: null
- kind: project-relative
  target: agents
  value: .agents/skills/organize-project-docs/SKILL.md
  runtime: null
  scope: project
  owners:
  - .
  active_owner: .
  content_hash: sha256:06347ddab592318396171f9b351fcc3dfcdf6a7c46c06579b48d9453aeb5e778
- kind: project-relative
  target: agents
  value: .agents/skills/organize-project-docs/agents/openai.yaml
  runtime: null
  scope: project
  owners:
  - .
  active_owner: .
  content_hash: sha256:dcce649d7bb6f22b35b713d73857ca954ecb67a5f5946d706e7c799f45eeef32
- kind: project-relative
  target: agents
  value: .agents/skills/skills-workshop
  runtime: null
  scope: project
  owners:
  - .
  active_owner: .
  content_hash: null
- kind: project-relative
  target: agents
  value: .agents/skills/skills-workshop/SKILL.md
  runtime: null
  scope: project
  owners:
  - .
  active_owner: .
  content_hash: sha256:901405f6f35194017043a55b06f260480ba78198717e0a54758c877cccc9dbd6
- kind: project-relative
  target: agents
  value: .agents/skills/skills-workshop/agents/openai.yaml
  runtime: null
  scope: project
  owners:
  - .
  active_owner: .
  content_hash: sha256:dd9e354a78322173231f545fa49bbbcb0027a9fb58b1edda9649cf89d5852b5b
- kind: project-relative
  target: agents
  value: .agents/skills/skills-workshop/references/workflow.md
  runtime: null
  scope: project
  owners:
  - .
  active_owner: .
  content_hash: sha256:ac54abec515e79f27877c83060031a7d51d25877d9c4829713d9a4423ac2a7e4
local_deployed_files:
- .agents/skills/build-github-app
- .agents/skills/build-github-app/SKILL.md
- .agents/skills/build-github-app/agents/openai.yaml
- .agents/skills/build-github-app/references/artifacts-deployment.md
- .agents/skills/build-github-app/references/oauth-permissions.md
- .agents/skills/commit-provenance
- .agents/skills/commit-provenance/SKILL.md
- .agents/skills/commit-provenance/agents/openai.yaml
- .agents/skills/commit-provenance/scripts/resolve.sh
- .agents/skills/develop-orinoco-lite
- .agents/skills/develop-orinoco-lite/SKILL.md
- .agents/skills/develop-orinoco-lite/agents/openai.yaml
- .agents/skills/develop-orinoco-lite/references/adapter-static-curation.md
- .agents/skills/develop-orinoco-lite/references/repository-boundaries.md
- .agents/skills/develop-orinoco-lite/references/version-and-authority.md
- .agents/skills/organize-project-docs
- .agents/skills/organize-project-docs/SKILL.md
- .agents/skills/organize-project-docs/agents/openai.yaml
- .agents/skills/skills-workshop
- .agents/skills/skills-workshop/SKILL.md
- .agents/skills/skills-workshop/agents/openai.yaml
- .agents/skills/skills-workshop/references/workflow.md
local_deployed_file_hashes:
  .agents/skills/build-github-app/SKILL.md: sha256:6a88de3df26bc8a7428df8ca8ce19ddf9944a2d323bb41415b989bf9233fec09
  .agents/skills/build-github-app/agents/openai.yaml: sha256:0fe2e3d90aa725239607ebdb3fab618d164bf8c0103634fbe6003110ed815f4e
  .agents/skills/build-github-app/references/artifacts-deployment.md: sha256:1edf0bfe94e494490726e74305f4e598fc4fe90c6eded7fc38e96d3b59ffa70b
  .agents/skills/build-github-app/references/oauth-permissions.md: sha256:20a7f5775bd665ed553e27b6a8573fdcfa88983765ea2c7035149974ba41e7cf
  .agents/skills/commit-provenance/SKILL.md: sha256:7044773fdfbf2bb4f970355e4e53f1ba9bca59cfffd14053c720bf739397772d
  .agents/skills/commit-provenance/agents/openai.yaml: sha256:63c947f223861a26b8a475074bd6587dbd1d92ea315c08672caf1767ecdffb87
  .agents/skills/commit-provenance/scripts/resolve.sh: sha256:7182c993ab1095b3f398acef7a94a89d862ea8d683dd32b1da25e6026493ddec
  .agents/skills/develop-orinoco-lite/SKILL.md: sha256:9c5ccb9b8a0409740356cb828b917637bdc6be3fbe2d204246da90cdbb81dfa9
  .agents/skills/develop-orinoco-lite/agents/openai.yaml: sha256:5aa3e7163c719c23cb8d88cf25b8e39d535e8da4fa6fbde60eb1953d0704bbab
  .agents/skills/develop-orinoco-lite/references/adapter-static-curation.md: sha256:cbe00b0ece978ecc12dcf8156835abcced252d62c38c5a3e969dcc13f8cbe507
  .agents/skills/develop-orinoco-lite/references/repository-boundaries.md: sha256:7fc3c121be9e89acc6fdaaa0ccffd3cc18dfb3423ef6bdb59def2cf78e71411e
  .agents/skills/develop-orinoco-lite/references/version-and-authority.md: sha256:ae0cba5b68bf4458d85e31c525f267f2649090b358e6cbc5dcabe3ffc86d323e
  .agents/skills/organize-project-docs/SKILL.md: sha256:06347ddab592318396171f9b351fcc3dfcdf6a7c46c06579b48d9453aeb5e778
  .agents/skills/organize-project-docs/agents/openai.yaml: sha256:dcce649d7bb6f22b35b713d73857ca954ecb67a5f5946d706e7c799f45eeef32
  .agents/skills/skills-workshop/SKILL.md: sha256:901405f6f35194017043a55b06f260480ba78198717e0a54758c877cccc9dbd6
  .agents/skills/skills-workshop/agents/openai.yaml: sha256:dd9e354a78322173231f545fa49bbbcb0027a9fb58b1edda9649cf89d5852b5b
  .agents/skills/skills-workshop/references/workflow.md: sha256:ac54abec515e79f27877c83060031a7d51d25877d9c4829713d9a4423ac2a7e4
