lockfile_version: '1'
dependencies: []
deployments:
- kind: project-relative
  target: legacy
  value: .agents/skills/build-github-app
  runtime: null
  scope: project
  owners:
  - .
  active_owner: .
  content_hash: null
- kind: project-relative
  target: legacy
  value: .agents/skills/build-github-app/SKILL.md
  runtime: null
  scope: project
  owners:
  - .
  active_owner: .
  content_hash: sha256:0d7a55c8accc0739e3ad1eba41d57190d86ecc8ae9886feb06f53f9ac720ca6f
- kind: project-relative
  target: legacy
  value: .agents/skills/build-github-app/agents/openai.yaml
  runtime: null
  scope: project
  owners:
  - .
  active_owner: .
  content_hash: sha256:0fe2e3d90aa725239607ebdb3fab618d164bf8c0103634fbe6003110ed815f4e
- kind: project-relative
  target: legacy
  value: .agents/skills/build-github-app/references/artifacts-deployment.md
  runtime: null
  scope: project
  owners:
  - .
  active_owner: .
  content_hash: sha256:8dd316f3d7ad2b5186d4b69a13f8d428c21f50d441e0530398c1eb33f39cbb0e
- kind: project-relative
  target: legacy
  value: .agents/skills/build-github-app/references/oauth-permissions.md
  runtime: null
  scope: project
  owners:
  - .
  active_owner: .
  content_hash: sha256:c36d640f539c18a9653cb103d488c89f15ce02b9af02d0eb2f84082860e877c2
- kind: project-relative
  target: legacy
  value: .agents/skills/commit-provenance
  runtime: null
  scope: project
  owners:
  - .
  active_owner: .
  content_hash: null
- kind: project-relative
  target: legacy
  value: .agents/skills/commit-provenance/SKILL.md
  runtime: null
  scope: project
  owners:
  - .
  active_owner: .
  content_hash: sha256:2c7dc2327f1a33113429ab40b6fc26d4175bd9ed8257e84bd3dd2f8a0b06be7d
- kind: project-relative
  target: legacy
  value: .agents/skills/commit-provenance/agents/openai.yaml
  runtime: null
  scope: project
  owners:
  - .
  active_owner: .
  content_hash: sha256:63c947f223861a26b8a475074bd6587dbd1d92ea315c08672caf1767ecdffb87
- kind: project-relative
  target: legacy
  value: .agents/skills/commit-provenance/scripts/resolve.sh
  runtime: null
  scope: project
  owners:
  - .
  active_owner: .
  content_hash: sha256:7b99c2dbe34bd90cbd5cf2ac54525e7fbf855f081b0c451733755cbfefc55960
- kind: project-relative
  target: legacy
  value: .agents/skills/commit-provenance/scripts/runtime_context.py
  runtime: null
  scope: project
  owners:
  - .
  active_owner: .
  content_hash: sha256:2d2389e4ea1dd67782e518d9d3a9bde8f6a536b81804430bac157603573d9a74
- kind: project-relative
  target: legacy
  value: .agents/skills/commit-provenance/scripts/test_runtime_context.py
  runtime: null
  scope: project
  owners:
  - .
  active_owner: .
  content_hash: sha256:7dff5ee8bcbc1fe23c09b4f36281de7beb39a925f110bba5c3962a6e3f66d0a2
- kind: project-relative
  target: legacy
  value: .agents/skills/unix-cli-design
  runtime: null
  scope: project
  owners:
  - .
  active_owner: .
  content_hash: null
- kind: project-relative
  target: legacy
  value: .agents/skills/unix-cli-design/SKILL.md
  runtime: null
  scope: project
  owners:
  - .
  active_owner: .
  content_hash: sha256:7ab157de646a9068d518938ee98d895cde26ce4a2cc331664d849cbcd4e9ca4d
- kind: project-relative
  target: legacy
  value: .agents/skills/wt-utils
  runtime: null
  scope: project
  owners:
  - .
  active_owner: .
  content_hash: null
- kind: project-relative
  target: legacy
  value: .agents/skills/wt-utils/SKILL.md
  runtime: null
  scope: project
  owners:
  - .
  active_owner: .
  content_hash: sha256:44758f28cc83b080711e6f083603baead3ff17e6805fd962621e6eadebcb2079
local_deployed_files:
- .agents/skills/build-github-app
- .agents/skills/build-github-app/SKILL.md
- .agents/skills/build-github-app/agents/openai.yaml
- .agents/skills/build-github-app/references/artifacts-deployment.md
- .agents/skills/build-github-app/references/oauth-permissions.md
- .agents/skills/commit-provenance
- .agents/skills/commit-provenance/SKILL.md
- .agents/skills/commit-provenance/agents/openai.yaml
- .agents/skills/commit-provenance/scripts/resolve.sh
- .agents/skills/commit-provenance/scripts/runtime_context.py
- .agents/skills/commit-provenance/scripts/test_runtime_context.py
- .agents/skills/unix-cli-design
- .agents/skills/unix-cli-design/SKILL.md
- .agents/skills/wt-utils
- .agents/skills/wt-utils/SKILL.md
local_deployed_file_hashes:
  .agents/skills/build-github-app/SKILL.md: sha256:0d7a55c8accc0739e3ad1eba41d57190d86ecc8ae9886feb06f53f9ac720ca6f
  .agents/skills/build-github-app/agents/openai.yaml: sha256:0fe2e3d90aa725239607ebdb3fab618d164bf8c0103634fbe6003110ed815f4e
  .agents/skills/build-github-app/references/artifacts-deployment.md: sha256:8dd316f3d7ad2b5186d4b69a13f8d428c21f50d441e0530398c1eb33f39cbb0e
  .agents/skills/build-github-app/references/oauth-permissions.md: sha256:c36d640f539c18a9653cb103d488c89f15ce02b9af02d0eb2f84082860e877c2
  .agents/skills/commit-provenance/SKILL.md: sha256:2c7dc2327f1a33113429ab40b6fc26d4175bd9ed8257e84bd3dd2f8a0b06be7d
  .agents/skills/commit-provenance/agents/openai.yaml: sha256:63c947f223861a26b8a475074bd6587dbd1d92ea315c08672caf1767ecdffb87
  .agents/skills/commit-provenance/scripts/resolve.sh: sha256:7b99c2dbe34bd90cbd5cf2ac54525e7fbf855f081b0c451733755cbfefc55960
  .agents/skills/commit-provenance/scripts/runtime_context.py: sha256:2d2389e4ea1dd67782e518d9d3a9bde8f6a536b81804430bac157603573d9a74
  .agents/skills/commit-provenance/scripts/test_runtime_context.py: sha256:7dff5ee8bcbc1fe23c09b4f36281de7beb39a925f110bba5c3962a6e3f66d0a2
  .agents/skills/unix-cli-design/SKILL.md: sha256:7ab157de646a9068d518938ee98d895cde26ce4a2cc331664d849cbcd4e9ca4d
  .agents/skills/wt-utils/SKILL.md: sha256:44758f28cc83b080711e6f083603baead3ff17e6805fd962621e6eadebcb2079
