version: 7
platforms:
- name: osx-arm64-macos-14-0
  subdir: osx-arm64
  virtual-packages:
  - __osx=14.0
  - __unix=0=0
  - __archspec=0=m1
environments:
  default:
    channels:
    - url: https://conda.anaconda.org/conda-forge/
    indexes:
    - https://pypi.org/simple
    packages:
      osx-arm64-macos-14-0:
      - conda: https://conda.anaconda.org/conda-forge/noarch/ca-certificates-2026.7.22-hbd8a1cb_0.conda
      - conda: https://conda.anaconda.org/conda-forge/noarch/python_abi-3.14-9_cp314.conda
      - conda: https://conda.anaconda.org/conda-forge/noarch/tzdata-2026c-h151e31d_0.conda
      - conda: https://conda.anaconda.org/conda-forge/osx-arm64/bzip2-1.0.8-h4e30115_10.conda
      - conda: https://conda.anaconda.org/conda-forge/osx-arm64/c-ares-1.34.8-h74c22ad_2.conda
      - conda: https://conda.anaconda.org/conda-forge/osx-arm64/git-2.56.0-pl5440h66f49b9_0.conda
      - conda: https://conda.anaconda.org/conda-forge/osx-arm64/icu-78.3-py310h579977c_2.conda
      - conda: https://conda.anaconda.org/conda-forge/osx-arm64/krb5-1.22.2-h34f8a20_2.conda
      - conda: https://conda.anaconda.org/conda-forge/osx-arm64/libcurl-8.22.0-h6651222_0.conda
      - conda: https://conda.anaconda.org/conda-forge/osx-arm64/libcxx-23.1.2-h55c6f16_0.conda
      - conda: https://conda.anaconda.org/conda-forge/osx-arm64/libedit-3.1.20250104-pl5321h26f1114_1.conda
      - conda: https://conda.anaconda.org/conda-forge/osx-arm64/libev-4.33-h1a92334_3.conda
      - conda: https://conda.anaconda.org/conda-forge/osx-arm64/libexpat-2.8.5-h6111c0a_0.conda
      - conda: https://conda.anaconda.org/conda-forge/osx-arm64/libffi-3.7.0-h47dc5ef_1.conda
      - conda: https://conda.anaconda.org/conda-forge/osx-arm64/libiconv-1.18-he4c29f2_3.conda
      - conda: https://conda.anaconda.org/conda-forge/osx-arm64/libintl-0.25.1-hae62183_2.conda
      - conda: https://conda.anaconda.org/conda-forge/osx-arm64/liblzma-5.8.3-h8088a28_1.conda
      - conda: https://conda.anaconda.org/conda-forge/osx-arm64/libmpdec-4.0.0-h84a0fba_2.conda
      - conda: https://conda.anaconda.org/conda-forge/osx-arm64/libnghttp2-1.68.1-h435687b_1.conda
      - conda: https://conda.anaconda.org/conda-forge/osx-arm64/libpsl-0.23.1-hdb0c161_1.conda
      - conda: https://conda.anaconda.org/conda-forge/osx-arm64/libpython-3.14.7-h4311e70_106_cp314.conda
      - conda: https://conda.anaconda.org/conda-forge/osx-arm64/libsqlite-3.53.4-hca69786_1.conda
      - conda: https://conda.anaconda.org/conda-forge/osx-arm64/libssh2-1.11.1-hbf2880b_1.conda
      - conda: https://conda.anaconda.org/conda-forge/osx-arm64/libzlib-1.3.2-h8088a28_3.conda
      - conda: https://conda.anaconda.org/conda-forge/osx-arm64/ncurses-6.6-he64c551_1.conda
      - conda: https://conda.anaconda.org/conda-forge/osx-arm64/openssl-3.6.4-h55eecbc_0.conda
      - conda: https://conda.anaconda.org/conda-forge/osx-arm64/pcre2-10.47-he63d830_1.conda
      - conda: https://conda.anaconda.org/conda-forge/osx-arm64/perl-5.44.0-1_hb001647_perl5.conda
      - conda: https://conda.anaconda.org/conda-forge/osx-arm64/python-3.14.7-h0ae1c2c_106_cp314.conda
      - conda: https://conda.anaconda.org/conda-forge/osx-arm64/readline-8.3-h8b90a29_1.conda
      - conda: https://conda.anaconda.org/conda-forge/osx-arm64/tk-8.6.13-hbeba79b_4.conda
      - conda: https://conda.anaconda.org/conda-forge/osx-arm64/zstd-1.5.7-hf451053_7.conda
      - pypi: https://files.pythonhosted.org/packages/02/36/ecc85bc96c273dc8a11273ed4782272975e6338d4a3e9228621175edf0e3/jaraco_functools-4.6.0-py3-none-any.whl
      - pypi: https://files.pythonhosted.org/packages/0b/a7/71ac2cff56fec219ed242bb11b8efb69fcc4bec75db06fb7bfe35de520e6/certifi-2026.7.22-py3-none-any.whl
      - pypi: https://files.pythonhosted.org/packages/12/b3/231ffd4ab1fc9d679809f356cebee130ac7daa00d6d6f3206dd4fd137e9e/distro-1.9.0-py3-none-any.whl
      - pypi: https://files.pythonhosted.org/packages/14/2f/967ba146e6d58cf6a652da73885f52fc68001525b4197effc174321d70b4/jmespath-1.1.0-py3-none-any.whl
      - pypi: https://files.pythonhosted.org/packages/3f/51/d4db610ef29373b879047326cbf6fa98b6c1969d6f6dc423279de2b1be2c/requests_toolbelt-1.0.0-py2.py3-none-any.whl
      - pypi: https://files.pythonhosted.org/packages/4a/0d/9c59313ab43d0858a9a665e80763bd830dc78d5f379afc3815e123c486c2/keyrings.alt-5.0.2-py3-none-any.whl
      - pypi: https://files.pythonhosted.org/packages/4e/74/d5405b9b3b12e9176dff223576d7090bc161092878f533fd0dc23dd6ae1d/looseversion-1.3.0-py2.py3-none-any.whl
      - pypi: https://files.pythonhosted.org/packages/51/ac/e5d886f892666d2d1e5cb8c1a41146e1d79ae8896477b1153a21711d3b44/fasteners-0.20-py3-none-any.whl
      - pypi: https://files.pythonhosted.org/packages/55/aa/9c96a88d79453eaea91f301c318dc3c5e95b195087759fd94fedf1104386/python_gitlab-8.6.0-py3-none-any.whl
      - pypi: https://files.pythonhosted.org/packages/58/a2/bb081bab032533a855d44de1d56f8e8426114ff1ba5d1f07a438a0a654f8/idna-3.20-py3-none-any.whl
      - pypi: https://files.pythonhosted.org/packages/63/34/ba1c580383c9eada3711951fef0795c80b829a078d72188184bcab9dd527/packaging-26.3-py3-none-any.whl
      - pypi: https://files.pythonhosted.org/packages/66/fc/183e4b31ed451f8ba8a435050d44ce3966ca1fd5abde79558991e3780770/datalad-1.6.5-py3-none-any.whl
      - pypi: https://files.pythonhosted.org/packages/6c/0c/f37b6a241f0759b7653ffa7213889d89ad49a2b76eb2ddf3b57b2738c347/iso8601-2.1.0-py3-none-any.whl
      - pypi: https://files.pythonhosted.org/packages/72/d8/a01764ffd32fbcd66c5575eb85764ae9ea7b7d03dc591592e132c43af1f5/boto3-1.43.106-py3-none-any.whl
      - pypi: https://files.pythonhosted.org/packages/7a/40/0f95e04cb1820e0a582cd6d86bbf26be8302a94ccf330f8ba5f69735389d/chardet-7.6.0-cp314-cp314-macosx_11_0_arm64.whl
      - pypi: https://files.pythonhosted.org/packages/7b/f6/9a9049cfa3b00073c632a437ba85b7d81c787bdeded80cd3dd295089a20a/patool-4.1.0-py2.py3-none-any.whl
      - pypi: https://files.pythonhosted.org/packages/7c/8a/40db9aa9f5907bb0e6f8b6d64064bf8852fb33d4b813ff9414911df7647c/charset_normalizer-3.5.2-cp314-cp314-macosx_10_15_universal2.whl
      - pypi: https://files.pythonhosted.org/packages/7f/66/b15ce62552d84bbfcec9a4873ab79d993a1dd4edb922cbfccae192bd5b5f/jaraco.classes-3.4.0-py3-none-any.whl
      - pypi: https://files.pythonhosted.org/packages/81/db/e655086b7f3a705df045bf0933bdd9c2f79bb3c97bfef1384598bb79a217/keyring-25.7.0-py3-none-any.whl
      - pypi: https://files.pythonhosted.org/packages/91/b6/0d74517d0b33dfe372b47b2ef5781a2231e891f8fe8edea74a447a7f7380/annexremote-1.6.6-py3-none-any.whl
      - pypi: https://files.pythonhosted.org/packages/92/9d/c4e665119135114480843e7ab388fa94d8480650450e6f8e26b70d323a4c/urllib3-2.8.0-py3-none-any.whl
      - pypi: https://files.pythonhosted.org/packages/a0/71/551608543ee5d590f7e8d522267665d6d9946866ad2a2a70a770f7c70793/msgpack-1.2.3-cp314-cp314-macosx_11_0_arm64.whl
      - pypi: https://files.pythonhosted.org/packages/a0/f4/c67b0b3f1b9245e8d266f0f112c500d50e5b4e83cb6f3b71b6528104182a/requests-2.34.2-py3-none-any.whl
      - pypi: https://files.pythonhosted.org/packages/a7/03/921a3d3c75785aca9ebfbfcabfbc3a1be12e2ab5265deb026d55a5a3f83e/tqdm-4.70.1-py3-none-any.whl
      - pypi: https://files.pythonhosted.org/packages/a8/eb/c51d3b54dfaa9267a687359d946dc2a1ca6a27fb4d381773e59b7bd72bf4/botocore-1.43.106-py3-none-any.whl
      - pypi: https://files.pythonhosted.org/packages/b0/aa/0b7365d30fed43e7a3449aba1fe20a0a7174d9cf13e282af4e69ac825441/humanize-4.16.0-py3-none-any.whl
      - pypi: https://files.pythonhosted.org/packages/b1/de/4ed5b844db176182ae27840b5bb87eeb8944169219a2a4e81e7ca91f1a26/git_annex-10.20260901.post1-py3-none-macosx_14_0_arm64.whl
      - pypi: https://files.pythonhosted.org/packages/b7/ce/149a00dd41f10bc29e5921b496af8b574d8413afcd5e30dfa0ed46c2cc5e/six-1.17.0-py2.py3-none-any.whl
      - pypi: https://files.pythonhosted.org/packages/bc/e7/5c595c75e9f41a44f30e526eda465ea0b4eec93470e074e4a111b253f13a/s3transfer-0.19.2-py3-none-any.whl
      - pypi: https://files.pythonhosted.org/packages/c7/96/147a2771ab655b9353781fb2f95c94eaf1d8576dccc991c1a61d0d355067/giturlparse-0.15.0-py2.py3-none-any.whl
      - pypi: https://files.pythonhosted.org/packages/d0/89/446044f33aba0348d35e433f56d12206d010a5281a1df54054d4cfb82388/platformdirs-4.12.2-py3-none-any.whl
      - pypi: https://files.pythonhosted.org/packages/e8/3d/1087453384dbde46a8c7f9356eead2c58be8a7bf156bca40243377c85715/more_itertools-11.1.0-py3-none-any.whl
      - pypi: https://files.pythonhosted.org/packages/ec/57/56b9bcc3c9c6a792fcbaf139543cee77261f3651ca9da0c93f5c1221264b/python_dateutil-2.9.0.post0-py2.py3-none-any.whl
      - pypi: https://files.pythonhosted.org/packages/f2/58/bc8954bda5fcda97bd7c19be11b85f91973d67a706ed4a3aec33e7de22db/jaraco_context-6.1.2-py3-none-any.whl
packages:
- conda: https://conda.anaconda.org/conda-forge/noarch/ca-certificates-2026.7.22-hbd8a1cb_0.conda
  sha256: 0a0544cf95f64394fe4959286f5c71f5444ad58feb0602e53becb27448d24da6
  md5: 0f51e2391ade309db462a55611263e9c
  depends:
  - __unix
  license: ISC
  purls: []
  run_exports: {}
  size: 131780
  timestamp: 1784754889428
- conda: https://conda.anaconda.org/conda-forge/noarch/python_abi-3.14-9_cp314.conda
  build_number: 9
  sha256: e7f8e965bbfb98e08feb2365cacdad8bb218fa5b5a0a2752f747287f425f213c
  md5: 350d89b50d7de805abf2e63e29dee451
  constrains:
  - python 3.14.* *_cp314
  license: BSD-3-Clause
  license_family: BSD
  purls: []
  run_exports: {}
  size: 6791
  timestamp: 1788302824440
- conda: https://conda.anaconda.org/conda-forge/noarch/tzdata-2026c-h151e31d_0.conda
  sha256: b928c30ddcb0e3f544c6eade8352737e6e610e263276b90232db6a578ef899d8
  md5: fcb489df604d100968b737f2cb6076c6
  license: LicenseRef-Public-Domain
  purls: []
  run_exports: {}
  size: 118849
  timestamp: 1784250406640
- conda: https://conda.anaconda.org/conda-forge/osx-arm64/bzip2-1.0.8-h4e30115_10.conda
  sha256: 8ec22f0ba25cbfc2e64d70cf29459eccd7ffdf6436f6a6ff15bbfef799f7d4f6
  md5: b50612e7d190b8061ab4e7dc119cf4d5
  depends:
  - __osx >=11.0
  license: bzip2-1.0.6
  license_family: BSD
  purls: []
  run_exports:
    weak:
    - bzip2 >=1.0.8,<2.0a0
  size: 124965
  timestamp: 1785906749812
- conda: https://conda.anaconda.org/conda-forge/osx-arm64/c-ares-1.34.8-h74c22ad_2.conda
  sha256: 82bdd5a3fcada6afef6255a9bf41172f07b362f36e04a354dc2abc0a29bfb756
  md5: 4cc01a374215de38387d45e19c8c5c9c
  depends:
  - __osx >=11.0
  license: MIT
  license_family: MIT
  purls: []
  run_exports:
    weak:
    - c-ares >=1.34.8,<2.0a0
  size: 197819
  timestamp: 1787169996553
- conda: https://conda.anaconda.org/conda-forge/osx-arm64/git-2.56.0-pl5440h66f49b9_0.conda
  sha256: 2faaa571f7da2dd0b17f54ddb8a0437c9bde290af2202257c75ba73889819975
  md5: 6db3fc839adc5feaab1f255179a1d39f
  depends:
  - __osx >=11.0
  - libcurl >=8.22.0,<9.0a0
  - libexpat >=2.8.5,<3.0a0
  - libiconv >=1.18,<2.0a0
  - libintl >=0.25.1,<1.0a0
  - libzlib >=1.3.2,<2.0a0
  - openssl >=3.5.8,<4.0a0
  - pcre2 >=10.47,<10.48.0a0
  - perl 5.*
  constrains:
  - __osx >=11.0
  license: GPL-2.0-or-later and LGPL-2.1-or-later
  purls: []
  run_exports: {}
  size: 13480930
  timestamp: 1790670419099
- conda: https://conda.anaconda.org/conda-forge/osx-arm64/icu-78.3-py310h579977c_2.conda
  sha256: 6cdb5dee54c72e56ab189fb3ad33cb28533553d42590e7e831160248f4416a43
  md5: a5efc0b42bb8b42e97d0a29ae3e3c187
  depends:
  - __osx >=11.0
  license: MIT
  license_family: MIT
  purls: []
  run_exports:
    weak:
    - icu >=78.3,<79.0a0
  size: 14070242
  timestamp: 1786545847761
- conda: https://conda.anaconda.org/conda-forge/osx-arm64/krb5-1.22.2-h34f8a20_2.conda
  sha256: aaea1d42b07769920db2af7471ece9399d2613448863da64ad8272998db5db34
  md5: 15235dd10450d67bc25ccafd5b46d2bc
  depends:
  - __osx >=11.0
  - libcxx >=21
  - libedit >=3.1.20250104,<3.2.0a0
  - libedit >=3.1.20250104,<4.0a0
  - openssl >=3.5.7,<4.0a0
  license: MIT
  license_family: MIT
  purls: []
  run_exports:
    weak:
    - krb5 >=1.22.2,<1.23.0a0
  size: 1165740
  timestamp: 1786762145768
- conda: https://conda.anaconda.org/conda-forge/osx-arm64/libcurl-8.22.0-h6651222_0.conda
  sha256: 46def32ec20d4dc6bce75d90fe5f2465a71cc22acef608c5ba37cc392e80e01d
  md5: a7234b8d8e19a089dcb1eaaa18de1045
  depends:
  - __osx >=11.0
  - krb5 >=1.22.2,<1.23.0a0
  - libnghttp2 >=1.68.1,<2.0a0
  - libpsl >=0.23.1,<0.24.0a0
  - libssh2 >=1.11.1,<2.0a0
  - libzlib >=1.3.2,<2.0a0
  - openssl >=3.5.8,<4.0a0
  - zstd >=1.5.7,<1.6.0a0
  license: curl
  license_family: MIT
  purls: []
  run_exports:
    weak:
    - libcurl >=8.22.0,<9.0a0
  size: 419925
  timestamp: 1788340708264
- conda: https://conda.anaconda.org/conda-forge/osx-arm64/libcxx-23.1.2-h55c6f16_0.conda
  sha256: 087a610bacee7901d259ef72c6f060d795ab26831bd7541ba75ced786a5a63f9
  md5: 01af3f03d850cbab9ae9b86d726a9921
  depends:
  - __osx >=11.0
  license: Apache-2.0 WITH LLVM-exception
  license_family: Apache
  purls: []
  run_exports: {}
  size: 579372
  timestamp: 1790163402114
- conda: https://conda.anaconda.org/conda-forge/osx-arm64/libedit-3.1.20250104-pl5321h26f1114_1.conda
  sha256: 257c926f19e32bdb981fc674c76966049b6fc73f706bae58e9fed8757ad1da70
  md5: 843ef89082f368cb889305084d3b483c
  depends:
  - ncurses
  - __osx >=11.0
  - ncurses >=6.6,<7.0a0
  license: BSD-2-Clause
  license_family: BSD
  purls: []
  run_exports:
    weak:
    - libedit >=3.1.20250104,<3.2.0a0
  size: 107742
  timestamp: 1786616721640
- conda: https://conda.anaconda.org/conda-forge/osx-arm64/libev-4.33-h1a92334_3.conda
  sha256: c0100064506ae8abb432c5a506d474f10af2cf48c33d62bc221fb28b6d6ff6ac
  md5: 19e86c8a6a47e92bb2e70ca12e758c5c
  depends:
  - __osx >=11.0
  license: BSD-2-Clause OR GPL-2.0-or-later
  license_family: GPL
  purls: []
  run_exports:
    weak:
    - libev >=4.33,<4.34.0a0
  size: 39991
  timestamp: 1785917376956
- conda: https://conda.anaconda.org/conda-forge/osx-arm64/libexpat-2.8.5-h6111c0a_0.conda
  sha256: 50aa761b83fc7a116ca88fe0cb4cefce5abababb10a926bf8afbafd5c298d102
  md5: 5383c550b785bdaafcc4eaf638071a7c
  depends:
  - __osx >=11.0
  constrains:
  - expat 2.8.5.*
  license: MIT
  license_family: MIT
  purls: []
  run_exports: {}
  size: 69565
  timestamp: 1790370026495
- conda: https://conda.anaconda.org/conda-forge/osx-arm64/libffi-3.7.0-h47dc5ef_1.conda
  sha256: 2783389a7b9dda04c62cc54c6bbeb03dd3cef24b3fc642715d02a3fa19464a9a
  md5: 216bbcc23c11e9695b3db4a8771d76eb
  depends:
  - __osx >=11.0
  license: MIT
  license_family: MIT
  purls: []
  run_exports:
    weak:
    - libffi >=3.7.0,<3.8.0a0
  size: 43637
  timestamp: 1787753403688
- conda: https://conda.anaconda.org/conda-forge/osx-arm64/libiconv-1.18-he4c29f2_3.conda
  sha256: 689a14968267f2f97c07112fca5636e7d756036b9aee969911267c20bd3eea1f
  md5: 17f4744c0873e9f77ac9b5cd0a27c187
  depends:
  - __osx >=11.0
  license: LGPL-2.1-only
  purls: []
  run_exports:
    weak:
    - libiconv >=1.18,<2.0a0
  size: 750816
  timestamp: 1787033961086
- conda: https://conda.anaconda.org/conda-forge/osx-arm64/libintl-0.25.1-hae62183_2.conda
  sha256: b43c6645e668f86d04d5c06d6dc17efe921bbd9244be4b77946d56fb950a3fcc
  md5: a3a4193101bc5427e6cf8be81d5eeddf
  depends:
  - __osx >=11.0
  - libiconv >=1.18,<2.0a0
  license: LGPL-2.1-or-later
  purls: []
  run_exports:
    weak:
    - libintl >=0.25.1,<1.0a0
  size: 90024
  timestamp: 1790118675563
- conda: https://conda.anaconda.org/conda-forge/osx-arm64/liblzma-5.8.3-h8088a28_1.conda
  sha256: 23d0630046a3e8b164d8f80f2b74ed2605af2e7050ab9913018056402fae4311
  md5: 8ab10323068b107661a4b9a4af84f3b5
  depends:
  - __osx >=11.0
  constrains:
  - xz 5.8.3.*
  license: 0BSD
  purls: []
  run_exports:
    weak:
    - liblzma >=5.8.3,<6.0a0
  size: 91720
  timestamp: 1786348695846
- conda: https://conda.anaconda.org/conda-forge/osx-arm64/libmpdec-4.0.0-h84a0fba_2.conda
  sha256: 04cc136c5a956a73aa14e0a160b5822b0b29714e67b299fa1b1fd16dbcba5366
  md5: ff33a4dbd93abc8a798cc4e0e7c8136d
  depends:
  - __osx >=11.0
  license: BSD-2-Clause
  license_family: BSD
  purls: []
  run_exports: {}
  size: 73289
  timestamp: 1786651074391
- conda: https://conda.anaconda.org/conda-forge/osx-arm64/libnghttp2-1.68.1-h435687b_1.conda
  sha256: 445440d8cccccb6585f71d1eb7c949d64a2af2ced5481d924621424ff3b6a398
  md5: ac9902dcbe0417f50cf95ab2bde062fa
  depends:
  - __osx >=11.0
  - c-ares >=1.34.8,<2.0a0
  - libcxx >=21
  - libev >=4.33,<4.34.0a0
  - libev >=4.33,<5.0a0
  - libzlib >=1.3.2,<2.0a0
  - openssl >=3.5.7,<4.0a0
  license: MIT
  license_family: MIT
  purls: []
  run_exports:
    weak:
    - libnghttp2 >=1.68.1,<2.0a0
  size: 567024
  timestamp: 1787177422467
- conda: https://conda.anaconda.org/conda-forge/osx-arm64/libpsl-0.23.1-hdb0c161_1.conda
  sha256: c8c3153df39abedf3413483f672151ad70f1adb0c06c192bdf7ec432c3616b07
  md5: 5d270f716a2b4bc13df9af8612071b17
  depends:
  - __osx >=11.0
  - libcxx >=21
  - icu >=78.3,<79.0a0
  license: MIT
  license_family: MIT
  purls: []
  run_exports:
    weak:
    - libpsl >=0.23.1,<0.24.0a0
  size: 72673
  timestamp: 1786970928205
- conda: https://conda.anaconda.org/conda-forge/osx-arm64/libpython-3.14.7-h4311e70_106_cp314.conda
  build_number: 106
  sha256: b239028180e1ba2f7daff4053c89e41f7c0f1a3c21bb82f6dcb09384d123ec1f
  md5: 4d7a303343eff82e8b92d52c5fd3991a
  depends:
  - __osx >=11.0
  - libcxx >=20
  license: Python-2.0
  purls: []
  run_exports: {}
  size: 1875368
  timestamp: 1788383432953
- conda: https://conda.anaconda.org/conda-forge/osx-arm64/libsqlite-3.53.4-hca69786_1.conda
  sha256: 839b31d4830e896b4d315b551d27f2bb08026bc946df04bcc360d8627c3ba2cd
  md5: fde96d40ebe9a9cb34e4122380189ddb
  depends:
  - __osx >=11.0
  - icu >=78.3,<79.0a0
  - libzlib >=1.3.2,<2.0a0
  license: blessing
  purls: []
  run_exports:
    weak:
    - libsqlite >=3.53.4,<4.0a0
  size: 942754
  timestamp: 1787051243846
- conda: https://conda.anaconda.org/conda-forge/osx-arm64/libssh2-1.11.1-hbf2880b_1.conda
  sha256: a056e518c3d2d09fbb1778cea80c0c95338fb24adf1a817bbf90fb484850a304
  md5: d957a8eda98c49b073e8dcfd677c127a
  depends:
  - libzlib >=1.3.2,<2.0a0
  - openssl >=3.5.7,<4.0a0
  license: BSD-3-Clause
  license_family: BSD
  purls: []
  run_exports:
    weak:
    - libssh2 >=1.11.1,<2.0a0
  size: 280492
  timestamp: 1786714226814
- conda: https://conda.anaconda.org/conda-forge/osx-arm64/libzlib-1.3.2-h8088a28_3.conda
  sha256: a18fa5d5bac452401459f966cf0d872224e8080c4ff93c77e168d43ab42ef9d7
  md5: f39288f0ea63ae962e1a2e4f355a0d75
  depends:
  - __osx >=11.0
  constrains:
  - zlib 1.3.2 *_3
  license: Zlib
  license_family: Other
  purls: []
  run_exports:
    weak:
    - libzlib >=1.3.2,<2.0a0
  size: 47822
  timestamp: 1785277049190
- conda: https://conda.anaconda.org/conda-forge/osx-arm64/ncurses-6.6-he64c551_1.conda
  sha256: 7024a48c8c0d0114ed4ab53c76bf9275d50e91ba7cea367a9aead638d3c29c68
  md5: 3dfa0d0316dc246cd44937a557de4501
  depends:
  - __osx >=11.0
  license: X11 AND BSD-3-Clause
  purls: []
  run_exports:
    weak:
    - ncurses >=6.6,<7.0a0
  size: 804298
  timestamp: 1786355189145
- conda: https://conda.anaconda.org/conda-forge/osx-arm64/openssl-3.6.4-h55eecbc_0.conda
  sha256: f23239eacd75c4c50705e68fae1aa3292da473e6a3a4abe2330f1e6afa680704
  md5: ae71ab40048c19a389a7dcccb86c2481
  depends:
  - __osx >=11.0
  - ca-certificates
  license: Apache-2.0
  license_family: Apache
  purls: []
  run_exports:
    weak:
    - openssl >=3.6.4,<4.0a0
  size: 3110142
  timestamp: 1787698648639
- conda: https://conda.anaconda.org/conda-forge/osx-arm64/pcre2-10.47-he63d830_1.conda
  sha256: f8c415329b542e1fca1ff2917b80e687c18302dfa0353530668b90cb225b494f
  md5: 5ab90033816cbe4097e8a297e5179f67
  depends:
  - __osx >=11.0
  - bzip2 >=1.0.8,<2.0a0
  - libzlib >=1.3.2,<2.0a0
  license: BSD-3-Clause
  license_family: BSD
  purls: []
  run_exports:
    weak:
    - pcre2 >=10.47,<10.48.0a0
  size: 851704
  timestamp: 1787294559157
- conda: https://conda.anaconda.org/conda-forge/osx-arm64/perl-5.44.0-1_hb001647_perl5.conda
  build_number: 1
  sha256: d68a8d9a8f329e46920d7750b495f613e093fa40736d00a227b727f5898804bb
  md5: 1aeb812a899f42e319056e1bafafbd33
  depends:
  - __osx >=11.0
  license: GPL-1.0-or-later OR Artistic-1.0-Perl
  purls: []
  run_exports:
    weak:
    - perl >=5.44.0,<5.45.0a0
    noarch:
    - perl >=5.44.0,<6.0a0
  size: 10327598
  timestamp: 1790621195432
- conda: https://conda.anaconda.org/conda-forge/osx-arm64/python-3.14.7-h0ae1c2c_106_cp314.conda
  build_number: 106
  sha256: 5ffc8349ca089ec5ac39ad36a095323ad177ebe05cbfc690c1e135560cfd68b7
  md5: 5fd37c78250b4f57c2bcf9ad2e54beb1
  depends:
  - __osx >=11.0
  - bzip2 >=1.0.8,<2.0a0
  - libexpat >=2.8.1,<3.0a0
  - libffi >=3.7.0,<3.8.0a0
  - liblzma >=5.8.3,<6.0a0
  - libmpdec >=4.0.0,<5.0a0
  - libpython 3.14.7 h4311e70_106_cp314
  - libsqlite >=3.53.4,<4.0a0
  - libzlib >=1.3.2,<2.0a0
  - ncurses >=6.6,<7.0a0
  - openssl >=3.5.8,<4.0a0
  - python_abi 3.14.* *_cp314
  - readline >=8.3,<9.0a0
  - tk >=8.6.13,<8.7.0a0
  - tzdata
  - zstd >=1.5.7,<1.6.0a0
  license: Python-2.0
  purls: []
  run_exports:
    weak:
    - python_abi 3.14.* *_cp314
    noarch:
    - python
  size: 12223441
  timestamp: 1788383470498
  python_site_packages_path: lib/python3.14/site-packages
- conda: https://conda.anaconda.org/conda-forge/osx-arm64/readline-8.3-h8b90a29_1.conda
  sha256: d6782b430e6dce4fe8c7ac118cd988d5a193eb4a7f60741edfaede58016b6110
  md5: 9347fd56a002e6b58946831d48fe62f6
  depends:
  - __osx >=11.0
  - ncurses >=6.6,<7.0a0
  license: GPL-3.0-only
  license_family: GPL
  purls: []
  run_exports:
    weak:
    - readline >=8.3,<9.0a0
  size: 314395
  timestamp: 1787033878899
- conda: https://conda.anaconda.org/conda-forge/osx-arm64/tk-8.6.13-hbeba79b_4.conda
  sha256: 857d89087ae7f2c328cf256728affcb7343031a148b4af847334d248a9cf564c
  md5: 90a01bf394d1c594e0eb9258f967d828
  depends:
  - __osx >=11.0
  - libzlib >=1.3.2,<2.0a0
  license: TCL
  purls: []
  run_exports:
    weak:
    - tk >=8.6.13,<8.7.0a0
  size: 3342183
  timestamp: 1787272852357
- conda: https://conda.anaconda.org/conda-forge/osx-arm64/zstd-1.5.7-hf451053_7.conda
  sha256: da867f5092eb0cb746d353694f0098031fd9817a4ce7d5743121209ae0f406ca
  md5: 4ec2684c73812cc2c3d78379384a39cc
  depends:
  - __osx >=11.0
  - libzlib >=1.3.2,<2.0a0
  license: BSD-3-Clause
  license_family: BSD
  purls: []
  run_exports:
    weak:
    - zstd >=1.5.7,<1.6.0a0
  size: 433687
  timestamp: 1786599629846
- pypi: https://files.pythonhosted.org/packages/02/36/ecc85bc96c273dc8a11273ed4782272975e6338d4a3e9228621175edf0e3/jaraco_functools-4.6.0-py3-none-any.whl
  name: jaraco-functools
  version: 4.6.0
  sha256: 99e3dc0060c5cbe8fcd1cdb36258e2a65ca40f1566b2033b12abb1bb44dd3c30
  requires_dist:
  - more-itertools
  - pytest>=6,!=8.1.* ; extra == 'test'
  - jaraco-classes ; extra == 'test'
  - sphinx>=3.5 ; extra == 'doc'
  - jaraco-packaging>=9.3 ; extra == 'doc'
  - rst-linker>=1.9 ; extra == 'doc'
  - furo ; extra == 'doc'
  - sphinx-lint ; extra == 'doc'
  - jaraco-tidelift>=1.4 ; extra == 'doc'
  - pytest-checkdocs>=2.14 ; extra == 'check'
  - pytest-ruff>=0.2.1 ; sys_platform != 'cygwin' and extra == 'check'
  - pytest-cov ; extra == 'cover'
  - pytest-enabler>=3.4 ; extra == 'enabler'
  - pytest-mypy>=1.0.1 ; platform_python_implementation != 'PyPy' and extra == 'type'
  requires_python: '>=3.10'
- pypi: https://files.pythonhosted.org/packages/0b/a7/71ac2cff56fec219ed242bb11b8efb69fcc4bec75db06fb7bfe35de520e6/certifi-2026.7.22-py3-none-any.whl
  name: certifi
  version: 2026.7.22
  sha256: 62f22742b58a1a33014a2b6b706588a8d7e2a88ae7bd1a6ebe8c992928483775
  requires_python: '>=3.7'
- pypi: https://files.pythonhosted.org/packages/12/b3/231ffd4ab1fc9d679809f356cebee130ac7daa00d6d6f3206dd4fd137e9e/distro-1.9.0-py3-none-any.whl
  name: distro
  version: 1.9.0
  sha256: 7bffd925d65168f85027d8da9af6bddab658135b840670a223589bc0c8ef02b2
  requires_python: '>=3.6'
- pypi: https://files.pythonhosted.org/packages/14/2f/967ba146e6d58cf6a652da73885f52fc68001525b4197effc174321d70b4/jmespath-1.1.0-py3-none-any.whl
  name: jmespath
  version: 1.1.0
  sha256: a5663118de4908c91729bea0acadca56526eb2698e83de10cd116ae0f4e97c64
  requires_python: '>=3.9'
- pypi: https://files.pythonhosted.org/packages/3f/51/d4db610ef29373b879047326cbf6fa98b6c1969d6f6dc423279de2b1be2c/requests_toolbelt-1.0.0-py2.py3-none-any.whl
  name: requests-toolbelt
  version: 1.0.0
  sha256: cccfdd665f0a24fcf4726e690f65639d272bb0637b9b92dfd91a5568ccf6bd06
  requires_dist:
  - requests>=2.0.1,<3.0.0
  requires_python: '>=2.7,!=3.0.*,!=3.1.*,!=3.2.*,!=3.3.*'
- pypi: https://files.pythonhosted.org/packages/4a/0d/9c59313ab43d0858a9a665e80763bd830dc78d5f379afc3815e123c486c2/keyrings.alt-5.0.2-py3-none-any.whl
  name: keyrings-alt
  version: 5.0.2
  sha256: 6be74693192f3f37bbb752bfac9b86e6177076b17d2ac12a390f1d6abff8ac7c
  requires_dist:
  - jaraco-classes
  - jaraco-context
  - sphinx>=3.5 ; extra == 'doc'
  - jaraco-packaging>=9.3 ; extra == 'doc'
  - rst-linker>=1.9 ; extra == 'doc'
  - furo ; extra == 'doc'
  - sphinx-lint ; extra == 'doc'
  - jaraco-tidelift>=1.4 ; extra == 'doc'
  - pytest>=6,!=8.1.* ; extra == 'test'
  - pytest-checkdocs>=2.4 ; extra == 'test'
  - pytest-cov ; extra == 'test'
  - pytest-mypy ; extra == 'test'
  - pytest-enabler>=2.2 ; extra == 'test'
  - keyring>=20 ; extra == 'test'
  - pycryptodomex ; extra == 'test'
  - pycryptodome ; extra == 'test'
  - gdata ; python_full_version == '2.7.*' and extra == 'test'
  - python-keyczar ; python_full_version == '2.7.*' and extra == 'test'
  - pytest-ruff>=0.2.1 ; sys_platform != 'cygwin' and extra == 'test'
  requires_python: '>=3.8'
- pypi: https://files.pythonhosted.org/packages/4e/74/d5405b9b3b12e9176dff223576d7090bc161092878f533fd0dc23dd6ae1d/looseversion-1.3.0-py2.py3-none-any.whl
  name: looseversion
  version: 1.3.0
  sha256: 781ef477b45946fc03dd4c84ea87734b21137ecda0e1e122bcb3c8d16d2a56e0
- pypi: https://files.pythonhosted.org/packages/51/ac/e5d886f892666d2d1e5cb8c1a41146e1d79ae8896477b1153a21711d3b44/fasteners-0.20-py3-none-any.whl
  name: fasteners
  version: '0.20'
  sha256: 9422c40d1e350e4259f509fb2e608d6bc43c0136f79a00db1b49046029d0b3b7
  requires_python: '>=3.6'
- pypi: https://files.pythonhosted.org/packages/55/aa/9c96a88d79453eaea91f301c318dc3c5e95b195087759fd94fedf1104386/python_gitlab-8.6.0-py3-none-any.whl
  name: python-gitlab
  version: 8.6.0
  sha256: 34fee7e5576cf01982c4bfa98f94d50e24733edb66beba3cb8ef286287723019
  requires_dist:
  - requests>=2.32.0
  - requests-toolbelt>=1.0.0
  - argcomplete>=1.10.0,<4 ; extra == 'autocompletion'
  - pyyaml>=6.0.1 ; extra == 'yaml'
  - gql[httpx]>=3.5.0,<5 ; extra == 'graphql'
  requires_python: '>=3.10.0'
- pypi: https://files.pythonhosted.org/packages/58/a2/bb081bab032533a855d44de1d56f8e8426114ff1ba5d1f07a438a0a654f8/idna-3.20-py3-none-any.whl
  name: idna
  version: '3.20'
  sha256: ab7ae7122974553370f0bdb919e1a960b2cd1bc1ef0276416d896db81c14582c
  requires_dist:
  - ruff>=0.16.0 ; extra == 'all'
  - mypy>=1.11.2 ; extra == 'all'
  - ty>=0.0.37 ; extra == 'all'
  - pytest>=8.3.2 ; extra == 'all'
  - hypothesis>=6.141.1 ; extra == 'all'
  - coverage>=7.10.0 ; extra == 'all'
  requires_python: '>=3.9'
- pypi: https://files.pythonhosted.org/packages/63/34/ba1c580383c9eada3711951fef0795c80b829a078d72188184bcab9dd527/packaging-26.3-py3-none-any.whl
  name: packaging
  version: '26.3'
  sha256: d7193f7c8e4e93f444fde0262bf90af30e16fa0ad0ad44cb553c87339b23cd1c
  requires_python: '>=3.9'
- pypi: https://files.pythonhosted.org/packages/66/fc/183e4b31ed451f8ba8a435050d44ce3966ca1fd5abde79558991e3780770/datalad-1.6.5-py3-none-any.whl
  name: datalad
  version: 1.6.5
  sha256: e7a2c02f1a87c3cbf2ddcb13c51719df1f4f6167121a3a1432dba1d0ef058f2f
  requires_dist:
  - platformdirs
  - chardet>=3.0.4
  - colorama ; sys_platform == 'win32'
  - distro
  - iso8601
  - humanize
  - fasteners>=0.14
  - packaging
  - patool>=1.7
  - tqdm>=4.32.0
  - typing-extensions>=4.0.0 ; python_full_version < '3.11'
  - annexremote
  - looseversion
  - giturlparse
  - boto3
  - keyring>=20.0,!=23.9.0
  - keyrings-alt
  - msgpack
  - requests>=1.2
  - python-gitlab
  - requests-ftp ; extra == 'downloaders-extra'
  - argcomplete>=1.12.3 ; extra == 'misc'
  - psutil ; extra == 'misc'
  - pyperclip ; extra == 'misc'
  - python-dateutil ; extra == 'misc'
  - beautifulsoup4 ; extra == 'tests'
  - httpretty>=0.9.4 ; extra == 'tests'
  - mypy ; extra == 'tests'
  - pytest>=7.0 ; extra == 'tests'
  - pytest-cov ; extra == 'tests'
  - pytest-reportlog ; extra == 'tests'
  - pytest-retry ; extra == 'tests'
  - pytest-fail-slow~=0.2 ; extra == 'tests'
  - types-python-dateutil ; extra == 'tests'
  - types-requests ; extra == 'tests'
  - vcrpy ; extra == 'tests'
  - duecredit ; extra == 'duecredit'
  - datalad[downloaders-extra,duecredit,misc,tests] ; extra == 'full'
  - pypandoc ; extra == 'devel-docs'
  - sphinx>=4.3.0 ; extra == 'devel-docs'
  - sphinx-autodoc-typehints ; extra == 'devel-docs'
  - sphinx-rtd-theme>=0.5.1 ; extra == 'devel-docs'
  - asv ; extra == 'devel-utils'
  - coverage!=7.6.5,!=7.13.1 ; extra == 'devel-utils'
  - gprof2dot ; extra == 'devel-utils'
  - psutil ; extra == 'devel-utils'
  - pytest-xdist ; extra == 'devel-utils'
  - scriv ; extra == 'devel-utils'
  - datalad[devel-docs,devel-utils,full] ; extra == 'devel'
  requires_python: '>=3.10'
- pypi: https://files.pythonhosted.org/packages/6c/0c/f37b6a241f0759b7653ffa7213889d89ad49a2b76eb2ddf3b57b2738c347/iso8601-2.1.0-py3-none-any.whl
  name: iso8601
  version: 2.1.0
  sha256: aac4145c4dcb66ad8b648a02830f5e2ff6c24af20f4f482689be402db2429242
  requires_python: '>=3.7,<4.0'
- pypi: https://files.pythonhosted.org/packages/72/d8/a01764ffd32fbcd66c5575eb85764ae9ea7b7d03dc591592e132c43af1f5/boto3-1.43.106-py3-none-any.whl
  name: boto3
  version: 1.43.106
  sha256: fdf2e304f9e8864b8613591b18b36ee995560c9666033622eda1cb9057866880
  requires_dist:
  - botocore>=1.43.106,<1.44.0
  - jmespath>=0.7.1,<2.0.0
  - s3transfer>=0.19.0,<0.20.0
  - botocore[crt]>=1.21.0,<2.0a0 ; extra == 'crt'
  requires_python: '>=3.10'
- pypi: https://files.pythonhosted.org/packages/7a/40/0f95e04cb1820e0a582cd6d86bbf26be8302a94ccf330f8ba5f69735389d/chardet-7.6.0-cp314-cp314-macosx_11_0_arm64.whl
  name: chardet
  version: 7.6.0
  sha256: fc1e1571321baf8927582fe34363ad7f02279f11c8c2839c14b4c76894148db6
  requires_python: '>=3.10'
- pypi: https://files.pythonhosted.org/packages/7b/f6/9a9049cfa3b00073c632a437ba85b7d81c787bdeded80cd3dd295089a20a/patool-4.1.0-py2.py3-none-any.whl
  name: patool
  version: 4.1.0
  sha256: acb7cdc5c5b9138eb9713e021aa5450aa32bf3d5c9e778b51e7b6786407eac46
  requires_dist:
  - argcomplete>=3.6.2 ; extra == 'argcompletion'
  requires_python: '>=3.12'
- pypi: https://files.pythonhosted.org/packages/7c/8a/40db9aa9f5907bb0e6f8b6d64064bf8852fb33d4b813ff9414911df7647c/charset_normalizer-3.5.2-cp314-cp314-macosx_10_15_universal2.whl
  name: charset-normalizer
  version: 3.5.2
  sha256: fcff63213e8e6e47770541a4607175404f47cbb3ebea7b6058cc82d524a0e424
  requires_python: '>=3.7'
- pypi: https://files.pythonhosted.org/packages/7f/66/b15ce62552d84bbfcec9a4873ab79d993a1dd4edb922cbfccae192bd5b5f/jaraco.classes-3.4.0-py3-none-any.whl
  name: jaraco-classes
  version: 3.4.0
  sha256: f662826b6bed8cace05e7ff873ce0f9283b5c924470fe664fff1c2f00f581790
  requires_dist:
  - more-itertools
  - sphinx>=3.5 ; extra == 'docs'
  - jaraco-packaging>=9.3 ; extra == 'docs'
  - rst-linker>=1.9 ; extra == 'docs'
  - furo ; extra == 'docs'
  - sphinx-lint ; extra == 'docs'
  - jaraco-tidelift>=1.4 ; extra == 'docs'
  - pytest>=6 ; extra == 'testing'
  - pytest-checkdocs>=2.4 ; extra == 'testing'
  - pytest-cov ; extra == 'testing'
  - pytest-mypy ; extra == 'testing'
  - pytest-enabler>=2.2 ; extra == 'testing'
  - pytest-ruff>=0.2.1 ; extra == 'testing'
  requires_python: '>=3.8'
- pypi: https://files.pythonhosted.org/packages/81/db/e655086b7f3a705df045bf0933bdd9c2f79bb3c97bfef1384598bb79a217/keyring-25.7.0-py3-none-any.whl
  name: keyring
  version: 25.7.0
  sha256: be4a0b195f149690c166e850609a477c532ddbfbaed96a404d4e43f8d5e2689f
  requires_dist:
  - pywin32-ctypes>=0.2.0 ; sys_platform == 'win32'
  - secretstorage>=3.2 ; sys_platform == 'linux'
  - jeepney>=0.4.2 ; sys_platform == 'linux'
  - importlib-metadata>=4.11.4 ; python_full_version < '3.12'
  - jaraco-classes
  - jaraco-functools
  - jaraco-context
  - pytest>=6,!=8.1.* ; extra == 'test'
  - pyfakefs ; extra == 'test'
  - sphinx>=3.5 ; extra == 'doc'
  - jaraco-packaging>=9.3 ; extra == 'doc'
  - rst-linker>=1.9 ; extra == 'doc'
  - furo ; extra == 'doc'
  - sphinx-lint ; extra == 'doc'
  - jaraco-tidelift>=1.4 ; extra == 'doc'
  - pytest-checkdocs>=2.4 ; extra == 'check'
  - pytest-ruff>=0.2.1 ; sys_platform != 'cygwin' and extra == 'check'
  - pytest-cov ; extra == 'cover'
  - pytest-enabler>=3.4 ; extra == 'enabler'
  - pytest-mypy>=1.0.1 ; extra == 'type'
  - pygobject-stubs ; extra == 'type'
  - shtab ; extra == 'type'
  - types-pywin32 ; extra == 'type'
  - shtab>=1.1.0 ; extra == 'completion'
  requires_python: '>=3.9'
- pypi: https://files.pythonhosted.org/packages/91/b6/0d74517d0b33dfe372b47b2ef5781a2231e891f8fe8edea74a447a7f7380/annexremote-1.6.6-py3-none-any.whl
  name: annexremote
  version: 1.6.6
  sha256: dee4efa33c3bd9514928af5c57c82599ca9dc0a5535121ee234ed1833a98f93e
  requires_dist:
  - sphinx ; extra == 'doc'
  - coverage ; extra == 'tests'
  - pytest ; extra == 'tests'
- pypi: https://files.pythonhosted.org/packages/92/9d/c4e665119135114480843e7ab388fa94d8480650450e6f8e26b70d323a4c/urllib3-2.8.0-py3-none-any.whl
  name: urllib3
  version: 2.8.0
  sha256: 0cf3cae568d36aa9576b28dfb35f11328f1cb974ca7647d9475ebb86c75ac6e3
  requires_dist:
  - brotli>=1.2.0 ; platform_python_implementation == 'CPython' and extra == 'brotli'
  - brotlicffi>=1.2.0.0 ; platform_python_implementation != 'CPython' and extra == 'brotli'
  - h2>=4,<5 ; extra == 'h2'
  - pysocks>=1.5.6,!=1.5.7,<2.0 ; extra == 'socks'
  - backports-zstd>=1.0.0 ; python_full_version < '3.14' and extra == 'zstd'
  requires_python: '>=3.10'
- pypi: https://files.pythonhosted.org/packages/a0/71/551608543ee5d590f7e8d522267665d6d9946866ad2a2a70a770f7c70793/msgpack-1.2.3-cp314-cp314-macosx_11_0_arm64.whl
  name: msgpack
  version: 1.2.3
  sha256: 3372475211a9ce1a23acefe512cb3e121d18c95dc74ed56cb1819ef40836ebf4
  requires_python: '>=3.10'
- pypi: https://files.pythonhosted.org/packages/a0/f4/c67b0b3f1b9245e8d266f0f112c500d50e5b4e83cb6f3b71b6528104182a/requests-2.34.2-py3-none-any.whl
  name: requests
  version: 2.34.2
  sha256: 2a0d60c172f83ac6ab31e4554906c0f3b3588d37b5cb939b1c061f4907e278e0
  requires_dist:
  - charset-normalizer>=2,<4
  - idna>=2.5,<4
  - urllib3>=1.26,<3
  - certifi>=2023.5.7
  - pysocks>=1.5.6,!=1.5.7 ; extra == 'socks'
  - chardet>=3.0.2,<8 ; extra == 'use-chardet-on-py3'
  requires_python: '>=3.10'
- pypi: https://files.pythonhosted.org/packages/a7/03/921a3d3c75785aca9ebfbfcabfbc3a1be12e2ab5265deb026d55a5a3f83e/tqdm-4.70.1-py3-none-any.whl
  name: tqdm
  version: 4.70.1
  sha256: c293e525e6fef9c20e8728fd4612df02a0aa31bb5fe91ecd93e123b1b7bffa73
  requires_dist:
  - colorama ; sys_platform == 'win32'
  - requests ; extra == 'discord'
  - envwrap ; extra == 'discord'
  - slack-sdk ; extra == 'slack'
  - envwrap ; extra == 'slack'
  - requests ; extra == 'telegram'
  - envwrap ; extra == 'telegram'
  - ipywidgets>=6 ; extra == 'notebook'
  requires_python: '>=3.8'
- pypi: https://files.pythonhosted.org/packages/a8/eb/c51d3b54dfaa9267a687359d946dc2a1ca6a27fb4d381773e59b7bd72bf4/botocore-1.43.106-py3-none-any.whl
  name: botocore
  version: 1.43.106
  sha256: c1fb8818f9957cb5037f73db34ac1a12ba43562e31d6e7f9cb7e5fc64e1dba78
  requires_dist:
  - jmespath>=0.7.1,<2.0.0
  - python-dateutil>=2.1,<3.0.0
  - urllib3>=1.25.4,!=2.2.0,<3
  - awscrt==0.36.0 ; extra == 'crt'
  requires_python: '>=3.10'
- pypi: https://files.pythonhosted.org/packages/b0/aa/0b7365d30fed43e7a3449aba1fe20a0a7174d9cf13e282af4e69ac825441/humanize-4.16.0-py3-none-any.whl
  name: humanize
  version: 4.16.0
  sha256: 353eb2f34c09d098b2880eee8bef21832eae6d174f48c5762fff7e5fcb74d01d
  requires_dist:
  - freezegun ; extra == 'tests'
  - pytest-benchmark ; extra == 'tests'
  - pytest-codspeed ; extra == 'tests'
  - pytest-cov ; extra == 'tests'
  - pytest>=9 ; extra == 'tests'
  requires_python: '>=3.10'
- pypi: https://files.pythonhosted.org/packages/b1/de/4ed5b844db176182ae27840b5bb87eeb8944169219a2a4e81e7ca91f1a26/git_annex-10.20260901.post1-py3-none-macosx_14_0_arm64.whl
  name: git-annex
  version: 10.20260901.post1
  sha256: ff5e0b0e4948296b61dadd81801bb65f39027c22ae786a5a2cb2b437a83c1ca1
  requires_python: '>=3.9'
- pypi: https://files.pythonhosted.org/packages/b7/ce/149a00dd41f10bc29e5921b496af8b574d8413afcd5e30dfa0ed46c2cc5e/six-1.17.0-py2.py3-none-any.whl
  name: six
  version: 1.17.0
  sha256: 4721f391ed90541fddacab5acf947aa0d3dc7d27b2e1e8eda2be8970586c3274
  requires_python: '>=2.7,!=3.0.*,!=3.1.*,!=3.2.*'
- pypi: https://files.pythonhosted.org/packages/bc/e7/5c595c75e9f41a44f30e526eda465ea0b4eec93470e074e4a111b253f13a/s3transfer-0.19.2-py3-none-any.whl
  name: s3transfer
  version: 0.19.2
  sha256: d8168eccca828cbb2cd573675333f3bddd254313a9c42494b84c76b539e8ba25
  requires_dist:
  - botocore>=1.37.4,<2.0a0
  - botocore[crt]>=1.37.4,<2.0a0 ; extra == 'crt'
  requires_python: '>=3.10'
- pypi: https://files.pythonhosted.org/packages/c7/96/147a2771ab655b9353781fb2f95c94eaf1d8576dccc991c1a61d0d355067/giturlparse-0.15.0-py2.py3-none-any.whl
  name: giturlparse
  version: 0.15.0
  sha256: 76d2e6983b037356ab99b30683e533ac3db96409b68e2163a20fc3aff6446f10
  requires_python: '>=3.8'
- pypi: https://files.pythonhosted.org/packages/d0/89/446044f33aba0348d35e433f56d12206d010a5281a1df54054d4cfb82388/platformdirs-4.12.2-py3-none-any.whl
  name: platformdirs
  version: 4.12.2
  sha256: 29dbf06d96c500bc6bdbce75fb0a14d63279c93b1842f97e72a135b33e856983
  requires_python: '>=3.10'
- pypi: https://files.pythonhosted.org/packages/e8/3d/1087453384dbde46a8c7f9356eead2c58be8a7bf156bca40243377c85715/more_itertools-11.1.0-py3-none-any.whl
  name: more-itertools
  version: 11.1.0
  sha256: 4b65538ae22f6fed0ce4874efd317463a7489796a0939fa66824dd542125a192
  requires_python: '>=3.10'
- pypi: https://files.pythonhosted.org/packages/ec/57/56b9bcc3c9c6a792fcbaf139543cee77261f3651ca9da0c93f5c1221264b/python_dateutil-2.9.0.post0-py2.py3-none-any.whl
  name: python-dateutil
  version: 2.9.0.post0
  sha256: a8b2bc7bffae282281c8140a97d3aa9c14da0b136dfe83f850eea9a5f7470427
  requires_dist:
  - six>=1.5
  requires_python: '>=2.7,!=3.0.*,!=3.1.*,!=3.2.*'
- pypi: https://files.pythonhosted.org/packages/f2/58/bc8954bda5fcda97bd7c19be11b85f91973d67a706ed4a3aec33e7de22db/jaraco_context-6.1.2-py3-none-any.whl
  name: jaraco-context
  version: 6.1.2
  sha256: bf8150b79a2d5d91ae48629d8b427a8f7ba0e1097dd6202a9059f29a36379535
  requires_dist:
  - backports-tarfile ; python_full_version < '3.12'
  - pytest>=6,!=8.1.* ; extra == 'test'
  - jaraco-test>=5.6.0 ; extra == 'test'
  - portend ; extra == 'test'
  - sphinx>=3.5 ; extra == 'doc'
  - jaraco-packaging>=9.3 ; extra == 'doc'
  - rst-linker>=1.9 ; extra == 'doc'
  - furo ; extra == 'doc'
  - sphinx-lint ; extra == 'doc'
  - jaraco-tidelift>=1.4 ; extra == 'doc'
  - pytest-checkdocs>=2.14 ; extra == 'check'
  - pytest-ruff>=0.2.1 ; sys_platform != 'cygwin' and extra == 'check'
  - pytest-cov ; extra == 'cover'
  - pytest-enabler>=3.4 ; extra == 'enabler'
  - pytest-mypy>=1.0.1 ; platform_python_implementation != 'PyPy' and extra == 'type'
  requires_python: '>=3.10'
